
Microsoft Visual Studio Solution File, Format Version 12.00
# Visual Studio Version 16
VisualStudioVersion = 16.0.29503.13
MinimumVisualStudioVersion = 10.0.40219.1
Project("{FAE04EC0-301F-11D3-BF4B-00C04F79EFBC}") = "CVCSS V3", "CVCSS V3\CVCSS V3.csproj", "{7CA1F3EC-788A-4FF1-AECE-87A25FA9BA44}"
EndProject
Global
	GlobalSection(SolutionConfigurationPlatforms) = preSolution
		Debug|Any CPU = Debug|Any CPU
		Release|Any CPU = Release|Any CPU
	EndGlobalSection
	GlobalSection(ProjectConfigurationPlatforms) = postSolution
		{7CA1F3EC-788A-4FF1-AECE-87A25FA9BA44}.Debug|Any CPU.ActiveCfg = Debug|Any CPU
		{7CA1F3EC-788A-4FF1-AECE-87A25FA9BA44}.Debug|Any CPU.Build.0 = Debug|Any CPU
		{7CA1F3EC-788A-4FF1-AECE-87A25FA9BA44}.Release|Any CPU.ActiveCfg = Release|Any CPU
		{7CA1F3EC-788A-4FF1-AECE-87A25FA9BA44}.Release|Any CPU.Build.0 = Release|Any CPU
	EndGlobalSection
	GlobalSection(SolutionProperties) = preSolution
		HideSolutionNode = FALSE
	EndGlobalSection
	GlobalSection(ExtensibilityGlobals) = postSolution
		SolutionGuid = {78833130-C136-432C-977B-595A36D7716F}
	EndGlobalSection
EndGlobal
